
Microsoft Visual Studio Solution File, Format Version 12.00
# Visual Studio Version 17
VisualStudioVersion = 17.3.32901.215
MinimumVisualStudioVersion = 10.0.40219.1
Project("{2150E333-8FDC-42A3-9474-1A3956D46DE8}") = "1 - Domain", "1 - Domain", "{BE7DD6B3-5407-4940-A17E-6516DF9EE6B8}"
EndProject
Project("{2150E333-8FDC-42A3-9474-1A3956D46DE8}") = "2 - Infra", "2 - Infra", "{D88E3E19-629B-4F0D-BF7D-6295C5BB9A0D}"
EndProject
Project("{2150E333-8FDC-42A3-9474-1A3956D46DE8}") = "3-Application", "3-Application", "{9A9809C6-4822-4677-A576-9D24693DB6E0}"
EndProject
Project("{2150E333-8FDC-42A3-9474-1A3956D46DE8}") = "4-WebApi", "4-WebApi", "{5D6C2FC5-AA48-4B68-82B4-C070A060B45F}"
EndProject
Project("{2150E333-8FDC-42A3-9474-1A3956D46DE8}") = "5-Tests", "5-Tests", "{D6773C02-FB5D-4FD1-8DB0-6FEDB1DB639F}"
EndProject
Project("{2150E333-8FDC-42A3-9474-1A3956D46DE8}") = "6-Scripts", "6-Scripts", "{C96B6BF5-AA83-4F1C-9FF3-B190536CCC03}"
EndProject
Project("{2150E333-8FDC-42A3-9474-1A3956D46DE8}") = "2.1-CrossCuting", "2.1-CrossCuting", "{9B7A7CB0-B4BE-4C8B-9429-77605DD9E4FB}"
EndProject
Project("{2150E333-8FDC-42A3-9474-1A3956D46DE8}") = "2.2-Data", "2.2-Data", "{9F89EAE6-D0C6-4B89-BAC4-B96113B0E8E3}"
EndProject
Project("{2150E333-8FDC-42A3-9474-1A3956D46DE8}") = "StoredProcedure", "StoredProcedure", "{5ECFF820-ED64-4C4B-BB73-562ABA36C953}"
EndProject
Project("{2150E333-8FDC-42A3-9474-1A3956D46DE8}") = "Tabelas", "Tabelas", "{B556C2B0-FED2-41FA-99B4-10FADC2CCAA4}"
	ProjectSection(SolutionItems) = preProject
		ScriptBancoDados.sql = ScriptBancoDados.sql
	EndProjectSection
EndProject
Project("{9A19103F-16F7-4668-BE54-9A1E7A4F7556}") = "Phibra.Prova.Domain", "Alsofer.FluxoCaixa.Domain\Phibra.Prova.Domain.csproj", "{BED8814F-1128-47B8-9C25-49AECCE62023}"
EndProject
Project("{9A19103F-16F7-4668-BE54-9A1E7A4F7556}") = "Phibra.Prova.Data", "Alsofer.FluxoCaixa.Data\Phibra.Prova.Data.csproj", "{3B3FD043-E940-4B99-9BAC-5D7D7D3CE659}"
EndProject
Project("{9A19103F-16F7-4668-BE54-9A1E7A4F7556}") = "Phibra.Prova.Application", "Alsofer.FluxoCaixa.Application\Phibra.Prova.Application.csproj", "{B85DCE5D-E9B8-441D-A3D4-734EC44B5BAA}"
EndProject
Project("{9A19103F-16F7-4668-BE54-9A1E7A4F7556}") = "Phibra.Prova.IOC", "Alsofer.FluxoCaixa.IOC\Phibra.Prova.IOC.csproj", "{55BFBA3B-FA61-42D2-8C44-97FFCC62C986}"
EndProject
Project("{9A19103F-16F7-4668-BE54-9A1E7A4F7556}") = "Phibra.Prova.API", "Alsofer.FluxoCaixa.API\Phibra.Prova.API.csproj", "{12B121DA-1A01-46D6-911C-341920CC914D}"
EndProject
Project("{9A19103F-16F7-4668-BE54-9A1E7A4F7556}") = "Phibra.Prova.Test", "Alsofer.FluxoCaixa.Test\Phibra.Prova.Test.csproj", "{17A123EA-0F4F-4F19-B8E1-A9AA2A7A1328}"
EndProject
Global
	GlobalSection(SolutionConfigurationPlatforms) = preSolution
		Debug|Any CPU = Debug|Any CPU
		Release|Any CPU = Release|Any CPU
	EndGlobalSection
	GlobalSection(ProjectConfigurationPlatforms) = postSolution
		{BED8814F-1128-47B8-9C25-49AECCE62023}.Debug|Any CPU.ActiveCfg = Debug|Any CPU
		{BED8814F-1128-47B8-9C25-49AECCE62023}.Debug|Any CPU.Build.0 = Debug|Any CPU
		{BED8814F-1128-47B8-9C25-49AECCE62023}.Release|Any CPU.ActiveCfg = Release|Any CPU
		{BED8814F-1128-47B8-9C25-49AECCE62023}.Release|Any CPU.Build.0 = Release|Any CPU
		{3B3FD043-E940-4B99-9BAC-5D7D7D3CE659}.Debug|Any CPU.ActiveCfg = Debug|Any CPU
		{3B3FD043-E940-4B99-9BAC-5D7D7D3CE659}.Debug|Any CPU.Build.0 = Debug|Any CPU
		{3B3FD043-E940-4B99-9BAC-5D7D7D3CE659}.Release|Any CPU.ActiveCfg = Release|Any CPU
		{3B3FD043-E940-4B99-9BAC-5D7D7D3CE659}.Release|Any CPU.Build.0 = Release|Any CPU
		{B85DCE5D-E9B8-441D-A3D4-734EC44B5BAA}.Debug|Any CPU.ActiveCfg = Debug|Any CPU
		{B85DCE5D-E9B8-441D-A3D4-734EC44B5BAA}.Debug|Any CPU.Build.0 = Debug|Any CPU
		{B85DCE5D-E9B8-441D-A3D4-734EC44B5BAA}.Release|Any CPU.ActiveCfg = Release|Any CPU
		{B85DCE5D-E9B8-441D-A3D4-734EC44B5BAA}.Release|Any CPU.Build.0 = Release|Any CPU
		{55BFBA3B-FA61-42D2-8C44-97FFCC62C986}.Debug|Any CPU.ActiveCfg = Debug|Any CPU
		{55BFBA3B-FA61-42D2-8C44-97FFCC62C986}.Debug|Any CPU.Build.0 = Debug|Any CPU
		{55BFBA3B-FA61-42D2-8C44-97FFCC62C986}.Release|Any CPU.ActiveCfg = Release|Any CPU
		{55BFBA3B-FA61-42D2-8C44-97FFCC62C986}.Release|Any CPU.Build.0 = Release|Any CPU
		{12B121DA-1A01-46D6-911C-341920CC914D}.Debug|Any CPU.ActiveCfg = Debug|Any CPU
		{12B121DA-1A01-46D6-911C-341920CC914D}.Debug|Any CPU.Build.0 = Debug|Any CPU
		{12B121DA-1A01-46D6-911C-341920CC914D}.Release|Any CPU.ActiveCfg = Release|Any CPU
		{12B121DA-1A01-46D6-911C-341920CC914D}.Release|Any CPU.Build.0 = Release|Any CPU
		{17A123EA-0F4F-4F19-B8E1-A9AA2A7A1328}.Debug|Any CPU.ActiveCfg = Debug|Any CPU
		{17A123EA-0F4F-4F19-B8E1-A9AA2A7A1328}.Debug|Any CPU.Build.0 = Debug|Any CPU
		{17A123EA-0F4F-4F19-B8E1-A9AA2A7A1328}.Release|Any CPU.ActiveCfg = Release|Any CPU
		{17A123EA-0F4F-4F19-B8E1-A9AA2A7A1328}.Release|Any CPU.Build.0 = Release|Any CPU
	EndGlobalSection
	GlobalSection(SolutionProperties) = preSolution
		HideSolutionNode = FALSE
	EndGlobalSection
	GlobalSection(NestedProjects) = preSolution
		{9B7A7CB0-B4BE-4C8B-9429-77605DD9E4FB} = {D88E3E19-629B-4F0D-BF7D-6295C5BB9A0D}
		{9F89EAE6-D0C6-4B89-BAC4-B96113B0E8E3} = {D88E3E19-629B-4F0D-BF7D-6295C5BB9A0D}
		{5ECFF820-ED64-4C4B-BB73-562ABA36C953} = {C96B6BF5-AA83-4F1C-9FF3-B190536CCC03}
		{B556C2B0-FED2-41FA-99B4-10FADC2CCAA4} = {C96B6BF5-AA83-4F1C-9FF3-B190536CCC03}
		{BED8814F-1128-47B8-9C25-49AECCE62023} = {BE7DD6B3-5407-4940-A17E-6516DF9EE6B8}
		{3B3FD043-E940-4B99-9BAC-5D7D7D3CE659} = {9F89EAE6-D0C6-4B89-BAC4-B96113B0E8E3}
		{B85DCE5D-E9B8-441D-A3D4-734EC44B5BAA} = {9A9809C6-4822-4677-A576-9D24693DB6E0}
		{55BFBA3B-FA61-42D2-8C44-97FFCC62C986} = {9B7A7CB0-B4BE-4C8B-9429-77605DD9E4FB}
		{12B121DA-1A01-46D6-911C-341920CC914D} = {5D6C2FC5-AA48-4B68-82B4-C070A060B45F}
		{17A123EA-0F4F-4F19-B8E1-A9AA2A7A1328} = {D6773C02-FB5D-4FD1-8DB0-6FEDB1DB639F}
	EndGlobalSection
	GlobalSection(ExtensibilityGlobals) = postSolution
		SolutionGuid = {C2D6EE55-B73B-4783-8DBC-B1D14BCDF329}
	EndGlobalSection
EndGlobal
